{
  "name": "ai-intelligence",
  "version": "1.0.0",
  "lockfileVersion": 3,
  "requires": true,
  "packages": {
    "": {
      "name": "ai-intelligence",
      "version": "1.0.0",
      "license": "ISC",
      "devDependencies": {
        "dbmate": "^2.35.1"
      }
    },
    "node_modules/@dbmate/darwin-arm64": {
      "version": "2.35.1",
      "resolved": "https://registry.npmjs.org/@dbmate/darwin-arm64/-/darwin-arm64-2.35.1.tgz",
      "integrity": "sha512-M63uycMI/sBHdjlf9NOn3YO2rKz4m3gLo/1kJ2QceODO724nZ4hJbsyfVHTpKpuHd6lct4+Vnhuqfz7lS9dKhg==",
      "cpu": [
        "arm64"
      ],
      "dev": true,
      "license": "MIT",
      "optional": true,
      "os": [
        "darwin"
      ]
    },
    "node_modules/@dbmate/darwin-x64": {
      "version": "2.35.1",
      "resolved": "https://registry.npmjs.org/@dbmate/darwin-x64/-/darwin-x64-2.35.1.tgz",
      "integrity": "sha512-03QeOqT/RZZhX+v1B2+pkd6HPhSeAjz43LOm7ljylKP/D+/VKbg1QkxAcehsO20i3s7hIxH9+I/WmPyffRwMxw==",
      "cpu": [
        "x64"
      ],
      "dev": true,
      "license": "MIT",
      "optional": true,
      "os": [
        "darwin"
      ]
    },
    "node_modules/@dbmate/linux-arm": {
      "version": "2.35.1",
      "resolved": "https://registry.npmjs.org/@dbmate/linux-arm/-/linux-arm-2.35.1.tgz",
      "integrity": "sha512-LOhSMHzTKcy5KbsFYsQnY36B6GLS6xH8BiBSaI84vTkwmbezggDIzGbZ4Eq+FCD9eMS7lLfmpmoOZoLrwbb3IQ==",
      "cpu": [
        "arm"
      ],
      "dev": true,
      "license": "MIT",
      "optional": true,
      "os": [
        "linux"
      ]
    },
    "node_modules/@dbmate/linux-arm64": {
      "version": "2.35.1",
      "resolved": "https://registry.npmjs.org/@dbmate/linux-arm64/-/linux-arm64-2.35.1.tgz",
      "integrity": "sha512-GqK2KVT2jbSe5vM16oHMpi0v6nvDwgeoM6M8k1XFV/RB1rfuG/33BMzTbgIsV91jLjed0PMeiQVvgWr41Se9Jg==",
      "cpu": [
        "arm64"
      ],
      "dev": true,
      "license": "MIT",
      "optional": true,
      "os": [
        "linux"
      ]
    },
    "node_modules/@dbmate/linux-ia32": {
      "version": "2.35.1",
      "resolved": "https://registry.npmjs.org/@dbmate/linux-ia32/-/linux-ia32-2.35.1.tgz",
      "integrity": "sha512-e38FzTUdraDS2tdI34QHr8Gf68TOS8dPsVdfrl+y7La2hSn8UIMtQ43cMaExTyHo6uZ9mFKUeIxgwVgAxDrQbQ==",
      "cpu": [
        "ia32"
      ],
      "dev": true,
      "license": "MIT",
      "optional": true,
      "os": [
        "linux"
      ]
    },
    "node_modules/@dbmate/linux-x64": {
      "version": "2.35.1",
      "resolved": "https://registry.npmjs.org/@dbmate/linux-x64/-/linux-x64-2.35.1.tgz",
      "integrity": "sha512-gdr9Q6vMMUaNYz8fv64oNSuoHYLjpeuZjahY6J7Dy4c6wQVcfLs7t3aiBCBxlvVkjJJIr5Ig3ApwqC0V2IojQA==",
      "cpu": [
        "x64"
      ],
      "dev": true,
      "license": "MIT",
      "optional": true,
      "os": [
        "linux"
      ]
    },
    "node_modules/@dbmate/win32-x64": {
      "version": "2.35.1",
      "resolved": "https://registry.npmjs.org/@dbmate/win32-x64/-/win32-x64-2.35.1.tgz",
      "integrity": "sha512-1pP+/oDEeOLvrvPdirM8VIi/+8v8Qf9fDOpNo3nRslQPaoOTJKsMaVLr5b5Ba/UrOisFYJmLKslgWvvjGAY7wg==",
      "cpu": [
        "x64"
      ],
      "dev": true,
      "license": "MIT",
      "optional": true,
      "os": [
        "win32"
      ]
    },
    "node_modules/dbmate": {
      "version": "2.35.1",
      "resolved": "https://registry.npmjs.org/dbmate/-/dbmate-2.35.1.tgz",
      "integrity": "sha512-TGhNRbSnlLeLjpV/m4uHJSwZhsJZEeE+IIl98UYbb6s63j1ZsPY6XuVWL6pl3YYyfupVh7pAye6iuOAYf3Maxw==",
      "dev": true,
      "license": "MIT",
      "bin": {
        "dbmate": "dist/cli.js"
      },
      "optionalDependencies": {
        "@dbmate/darwin-arm64": "2.35.1",
        "@dbmate/darwin-x64": "2.35.1",
        "@dbmate/linux-arm": "2.35.1",
        "@dbmate/linux-arm64": "2.35.1",
        "@dbmate/linux-ia32": "2.35.1",
        "@dbmate/linux-x64": "2.35.1",
        "@dbmate/win32-x64": "2.35.1"
      }
    }
  }
}
